
Microsoft Visual Studio Solution File, Format Version 12.00
# Visual Studio Version 17
VisualStudioVersion = 17.2.32519.379
MinimumVisualStudioVersion = 10.0.40219.1
Project("{9A19103F-16F7-4668-BE54-9A1E7A4F7556}") = "asp_dotnet_getstarted", "asp_dotnet_getstarted\asp_dotnet_getstarted.csproj", "{11223126-AC18-4318-A5A4-BB8D67E9A35C}"
EndProject
Global
	GlobalSection(SolutionConfigurationPlatforms) = preSolution
		Debug|Any CPU = Debug|Any CPU
		Release|Any CPU = Release|Any CPU
	EndGlobalSection
	GlobalSection(ProjectConfigurationPlatforms) = postSolution
		{11223126-AC18-4318-A5A4-BB8D67E9A35C}.Debug|Any CPU.ActiveCfg = Debug|Any CPU
		{11223126-AC18-4318-A5A4-BB8D67E9A35C}.Debug|Any CPU.Build.0 = Debug|Any CPU
		{11223126-AC18-4318-A5A4-BB8D67E9A35C}.Release|Any CPU.ActiveCfg = Release|Any CPU
		{11223126-AC18-4318-A5A4-BB8D67E9A35C}.Release|Any CPU.Build.0 = Release|Any CPU
	EndGlobalSection
	GlobalSection(SolutionProperties) = preSolution
		HideSolutionNode = FALSE
	EndGlobalSection
	GlobalSection(ExtensibilityGlobals) = postSolution
		SolutionGuid = {A5E5CC5A-3A84-4D4D-9314-C48A6712F65F}
	EndGlobalSection
EndGlobal
